// !$*UTF8*$!
{
	archiveVersion = 1;
	classes = {
	};
	objectVersion = 46;
	objects = {

/* Begin PBXBuildFile section */
		E48C4C5D1D1123C8008928EE /* main.m in Sources */ = {isa = PBXBuildFile; fileRef = E48C4C5C1D1123C8008928EE /* main.m */; };
		E48C4C601D1123C8008928EE /* AppDelegate.m in Sources */ = {isa = PBXBuildFile; fileRef = E48C4C5F1D1123C8008928EE /* AppDelegate.m */; };
		E48C4C631D1123C8008928EE /* FirstViewController.m in Sources */ = {isa = PBXBuildFile; fileRef = E48C4C621D1123C8008928EE /* FirstViewController.m */; };
		E48C4C661D1123C8008928EE /* SecondViewController.m in Sources */ = {isa = PBXBuildFile; fileRef = E48C4C651D1123C8008928EE /* SecondViewController.m */; };
		E48C4C691D1123C8008928EE /* Main.storyboard in Resources */ = {isa = PBXBuildFile; fileRef = E48C4C671D1123C8008928EE /* Main.storyboard */; };
		E48C4C6B1D1123C8008928EE /* Assets.xcassets in Resources */ = {isa = PBXBuildFile; fileRef = E48C4C6A1D1123C8008928EE /* Assets.xcassets */; };
		E48C4C6E1D1123C8008928EE /* LaunchScreen.storyboard in Resources */ = {isa = PBXBuildFile; fileRef = E48C4C6C1D1123C8008928EE /* LaunchScreen.storyboard */; };
		E48C4C791D1123C8008928EE /* myProjectTests.m in Sources */ = {isa = PBXBuildFile; fileRef = E48C4C781D1123C8008928EE /* myProjectTests.m */; };
		E48C4C841D1123C8008928EE /* myProjectUITests.m in Sources */ = {isa = PBXBuildFile; fileRef = E48C4C831D1123C8008928EE /* myProjectUITests.m */; };
/* End PBXBuildFile section */

/* Begin PBXContainerItemProxy section */
		E48C4C751D1123C8008928EE /* PBXContainerItemProxy */ = {
			isa = PBXContainerItemProxy;
			containerPortal = E48C4C501D1123C8008928EE /* Project object */;
			proxyType = 1;
			remoteGlobalIDString = E48C4C571D1123C8008928EE;
			remoteInfo = myProject;
		};
		E48C4C801D1123C8008928EE /* PBXContainerItemProxy */ = {
			isa = PBXContainerItemProxy;
			containerPortal = E48C4C501D1123C8008928EE /* Project object */;
			proxyType = 1;
			remoteGlobalIDString = E48C4C571D1123C8008928EE;
			remoteInfo = myProject;
		};
/* End PBXContainerItemProxy section */

/* Begin PBXFileReference section */
		E48C4C581D1123C8008928EE /* myProject.app */ = {isa = PBXFileReference; explicitFileType = wrapper.application; includeInIndex = 0; path = myProject.app; sourceTree = BUILT_PRODUCTS_DIR; };
		E48C4C5C1D1123C8008928EE /* main.m */ = {isa = PBXFileReference; lastKnownFileType = sourcecode.c.objc; path = main.m; sourceTree = "<group>"; };
		E48C4C5E1D1123C8008928EE /* AppDelegate.h */ = {isa = PBXFileReference; lastKnownFileType = sourcecode.c.h; path = AppDelegate.h; sourceTree = "<group>"; };
		E48C4C5F1D1123C8008928EE /* AppDelegate.m */ = {isa = PBXFileReference; lastKnownFileType = sourcecode.c.objc; path = AppDelegate.m; sourceTree = "<group>"; };
		E48C4C611D1123C8008928EE /* FirstViewController.h */ = {isa = PBXFileReference; lastKnownFileType = sourcecode.c.h; path = FirstViewController.h; sourceTree = "<group>"; };
		E48C4C621D1123C8008928EE /* FirstViewController.m */ = {isa = PBXFileReference; lastKnownFileType = sourcecode.c.objc; path = FirstViewController.m; sourceTree = "<group>"; };
		E48C4C641D1123C8008928EE /* SecondViewController.h */ = {isa = PBXFileReference; lastKnownFileType = sourcecode.c.h; path = SecondViewController.h; sourceTree = "<group>"; };
		E48C4C651D1123C8008928EE /* SecondViewController.m */ = {isa = PBXFileReference; lastKnownFileType = sourcecode.c.objc; path = SecondViewController.m; sourceTree = "<group>"; };
		E48C4C681D1123C8008928EE /* Base */ = {isa = PBXFileReference; lastKnownFileType = file.storyboard; name = Base; path = Base.lproj/Main.storyboard; sourceTree = "<group>"; };
		E48C4C6A1D1123C8008928EE /* Assets.xcassets */ = {isa = PBXFileReference; lastKnownFileType = folder.assetcatalog; path = Assets.xcassets; sourceTree = "<group>"; };
		E48C4C6D1D1123C8008928EE /* Base */ = {isa = PBXFileReference; lastKnownFileType = file.storyboard; name = Base; path = Base.lproj/LaunchScreen.storyboard; sourceTree = "<group>"; };
		E48C4C6F1D1123C8008928EE /* Info.plist */ = {isa = PBXFileReference; lastKnownFileType = text.plist.xml; path = Info.plist; sourceTree = "<group>"; };
		E48C4C741D1123C8008928EE /* myProjectTests.xctest */ = {isa = PBXFileReference; explicitFileType = wrapper.cfbundle; includeInIndex = 0; path = myProjectTests.xctest; sourceTree = BUILT_PRODUCTS_DIR; };
		E48C4C781D1123C8008928EE /* myProjectTests.m */ = {isa = PBXFileReference; lastKnownFileType = sourcecode.c.objc; path = myProjectTests.m; sourceTree = "<group>"; };
		E48C4C7A1D1123C8008928EE /* Info.plist */ = {isa = PBXFileReference; lastKnownFileType = text.plist.xml; path = Info.plist; sourceTree = "<group>"; };
		E48C4C7F1D1123C8008928EE /* myProjectUITests.xctest */ = {isa = PBXFileReference; explicitFileType = wrapper.cfbundle; includeInIndex = 0; path = myProjectUITests.xctest; sourceTree = BUILT_PRODUCTS_DIR; };
		E48C4C831D1123C8008928EE /* myProjectUITests.m */ = {isa = PBXFileReference; lastKnownFileType = sourcecode.c.objc; path = myProjectUITests.m; sourceTree = "<group>"; };
		E48C4C851D1123C8008928EE /* Info.plist */ = {isa = PBXFileReference; lastKnownFileType = text.plist.xml; path = Info.plist; sourceTree = "<group>"; };
/* End PBXFileReference section */

/* Begin PBXFrameworksBuildPhase section */
		E48C4C551D1123C8008928EE /* Frameworks */ = {
			isa = PBXFrameworksBuildPhase;
			buildActionMask = 2147483647;
			files = (
			);
			runOnlyForDeploymentPostprocessing = 0;
		};
		E48C4C711D1123C8008928EE /* Frameworks */ = {
			isa = PBXFrameworksBuildPhase;
			buildActionMask = 2147483647;
			files = (
			);
			runOnlyForDeploymentPostprocessing = 0;
		};
		E48C4C7C1D1123C8008928EE /* Frameworks */ = {
			isa = PBXFrameworksBuildPhase;
			buildActionMask = 2147483647;
			files = (
			);
			runOnlyForDeploymentPostprocessing = 0;
		};
/* End PBXFrameworksBuildPhase section */

/* Begin PBXGroup section */
		E48C4C4F1D1123C8008928EE = {
			isa = PBXGroup;
			children = (
				E48C4C5A1D1123C8008928EE /* myProject */,
				E48C4C771D1123C8008928EE /* myProjectTests */,
				E48C4C821D1123C8008928EE /* myProjectUITests */,
				E48C4C591D1123C8008928EE /* Products */,
			);
			sourceTree = "<group>";
		};
		E48C4C591D1123C8008928EE /* Products */ = {
			isa = PBXGroup;
			children = (
				E48C4C581D1123C8008928EE /* myProject.app */,
				E48C4C741D1123C8008928EE /* myProjectTests.xctest */,
				E48C4C7F1D1123C8008928EE /* myProjectUITests.xctest */,
			);
			name = Products;
			sourceTree = "<group>";
		};
		E48C4C5A1D1123C8008928EE /* myProject */ = {
			isa = PBXGroup;
			children = (
				E48C4C5E1D1123C8008928EE /* AppDelegate.h */,
				E48C4C5F1D1123C8008928EE /* AppDelegate.m */,
				E48C4C611D1123C8008928EE /* FirstViewController.h */,
				E48C4C621D1123C8008928EE /* FirstViewController.m */,
				E48C4C641D1123C8008928EE /* SecondViewController.h */,
				E48C4C651D1123C8008928EE /* SecondViewController.m */,
				E48C4C671D1123C8008928EE /* Main.storyboard */,
				E48C4C6A1D1123C8008928EE /* Assets.xcassets */,
				E48C4C6C1D1123C8008928EE /* LaunchScreen.storyboard */,
				E48C4C6F1D1123C8008928EE /* Info.plist */,
				E48C4C5B1D1123C8008928EE /* Supporting Files */,
			);
			path = myProject;
			sourceTree = "<group>";
		};
		E48C4C5B1D1123C8008928EE /* Supporting Files */ = {
			isa = PBXGroup;
			children = (
				E48C4C5C1D1123C8008928EE /* main.m */,
			);
			name = "Supporting Files";
			sourceTree = "<group>";
		};
		E48C4C771D1123C8008928EE /* myProjectTests */ = {
			isa = PBXGroup;
			children = (
				E48C4C781D1123C8008928EE /* myProjectTests.m */,
				E48C4C7A1D1123C8008928EE /* Info.plist */,
			);
			path = myProjectTests;
			sourceTree = "<group>";
		};
		E48C4C821D1123C8008928EE /* myProjectUITests */ = {
			isa = PBXGroup;
			children = (
				E48C4C831D1123C8008928EE /* myProjectUITests.m */,
				E48C4C851D1123C8008928EE /* Info.plist */,
			);
			path = myProjectUITests;
			sourceTree = "<group>";
		};
/* End PBXGroup section */

/* Begin PBXNativeTarget section */
		E48C4C571D1123C8008928EE /* myProject */ = {
			isa = PBXNativeTarget;
			buildConfigurationList = E48C4C881D1123C9008928EE /* Build configuration list for PBXNativeTarget "myProject" */;
			buildPhases = (
				E48C4C541D1123C8008928EE /* Sources */,
				E48C4C551D1123C8008928EE /* Frameworks */,
				E48C4C561D1123C8008928EE /* Resources */,
			);
			buildRules = (
			);
			dependencies = (
			);
			name = myProject;
			productName = myProject;
			productReference = E48C4C581D1123C8008928EE /* myProject.app */;
			productType = "com.apple.product-type.application";
		};
		E48C4C731D1123C8008928EE /* myProjectTests */ = {
			isa = PBXNativeTarget;
			buildConfigurationList = E48C4C8B1D1123C9008928EE /* Build configuration list for PBXNativeTarget "myProjectTests" */;
			buildPhases = (
				E48C4C701D1123C8008928EE /* Sources */,
				E48C4C711D1123C8008928EE /* Frameworks */,
				E48C4C721D1123C8008928EE /* Resources */,
			);
			buildRules = (
			);
			dependencies = (
				E48C4C761D1123C8008928EE /* PBXTargetDependency */,
			);
			name = myProjectTests;
			productName = myProjectTests;
			productReference = E48C4C741D1123C8008928EE /* myProjectTests.xctest */;
			productType = "com.apple.product-type.bundle.unit-test";
		};
		E48C4C7E1D1123C8008928EE /* myProjectUITests */ = {
			isa = PBXNativeTarget;
			buildConfigurationList = E48C4C8E1D1123C9008928EE /* Build configuration list for PBXNativeTarget "myProjectUITests" */;
			buildPhases = (
				E48C4C7B1D1123C8008928EE /* Sources */,
				E48C4C7C1D1123C8008928EE /* Frameworks */,
				E48C4C7D1D1123C8008928EE /* Resources */,
			);
			buildRules = (
			);
			dependencies = (
				E48C4C811D1123C8008928EE /* PBXTargetDependency */,
			);
			name = myProjectUITests;
			productName = myProjectUITests;
			productReference = E48C4C7F1D1123C8008928EE /* myProjectUITests.xctest */;
			productType = "com.apple.product-type.bundle.ui-testing";
		};
/* End PBXNativeTarget section */

/* Begin PBXProject section */
		E48C4C501D1123C8008928EE /* Project object */ = {
			isa = PBXProject;
			attributes = {
				LastUpgradeCheck = 0730;
				ORGANIZATIONNAME = Joaquin;
				TargetAttributes = {
					E48C4C571D1123C8008928EE = {
						CreatedOnToolsVersion = 7.3.1;
					};
					E48C4C731D1123C8008928EE = {
						CreatedOnToolsVersion = 7.3.1;
						TestTargetID = E48C4C571D1123C8008928EE;
					};
					E48C4C7E1D1123C8008928EE = {
						CreatedOnToolsVersion = 7.3.1;
						TestTargetID = E48C4C571D1123C8008928EE;
					};
				};
			};
			buildConfigurationList = E48C4C531D1123C8008928EE /* Build configuration list for PBXProject "myProject" */;
			compatibilityVersion = "Xcode 3.2";
			developmentRegion = English;
			hasScannedForEncodings = 0;
			knownRegions = (
				en,
				Base,
			);
			mainGroup = E48C4C4F1D1123C8008928EE;
			productRefGroup = E48C4C591D1123C8008928EE /* Products */;
			projectDirPath = "";
			projectRoot = "";
			targets = (
				E48C4C571D1123C8008928EE /* myProject */,
				E48C4C731D1123C8008928EE /* myProjectTests */,
				E48C4C7E1D1123C8008928EE /* myProjectUITests */,
			);
		};
/* End PBXProject section */

/* Begin PBXResourcesBuildPhase section */
		E48C4C561D1123C8008928EE /* Resources */ = {
			isa = PBXResourcesBuildPhase;
			buildActionMask = 2147483647;
			files = (
				E48C4C6E1D1123C8008928EE /* LaunchScreen.storyboard in Resources */,
				E48C4C6B1D1123C8008928EE /* Assets.xcassets in Resources */,
				E48C4C691D1123C8008928EE /* Main.storyboard in Resources */,
			);
			runOnlyForDeploymentPostprocessing = 0;
		};
		E48C4C721D1123C8008928EE /* Resources */ = {
			isa = PBXResourcesBuildPhase;
			buildActionMask = 2147483647;
			files = (
			);
			runOnlyForDeploymentPostprocessing = 0;
		};
		E48C4C7D1D1123C8008928EE /* Resources */ = {
			isa = PBXResourcesBuildPhase;
			buildActionMask = 2147483647;
			files = (
			);
			runOnlyForDeploymentPostprocessing = 0;
		};
/* End PBXResourcesBuildPhase section */

/* Begin PBXSourcesBuildPhase section */
		E48C4C541D1123C8008928EE /* Sources */ = {
			isa = PBXSourcesBuildPhase;
			buildActionMask = 2147483647;
			files = (
				E48C4C661D1123C8008928EE /* SecondViewController.m in Sources */,
				E48C4C601D1123C8008928EE /* AppDelegate.m in Sources */,
				E48C4C631D1123C8008928EE /* FirstViewController.m in Sources */,
				E48C4C5D1D1123C8008928EE /* main.m in Sources */,
			);
			runOnlyForDeploymentPostprocessing = 0;
		};
		E48C4C701D1123C8008928EE /* Sources */ = {
			isa = PBXSourcesBuildPhase;
			buildActionMask = 2147483647;
			files = (
				E48C4C791D1123C8008928EE /* myProjectTests.m in Sources */,
			);
			runOnlyForDeploymentPostprocessing = 0;
		};
		E48C4C7B1D1123C8008928EE /* Sources */ = {
			isa = PBXSourcesBuildPhase;
			buildActionMask = 2147483647;
			files = (
				E48C4C841D1123C8008928EE /* myProjectUITests.m in Sources */,
			);
			runOnlyForDeploymentPostprocessing = 0;
		};
/* End PBXSourcesBuildPhase section */

/* Begin PBXTargetDependency section */
		E48C4C761D1123C8008928EE /* PBXTargetDependency */ = {
			isa = PBXTargetDependency;
			target = E48C4C571D1123C8008928EE /* myProject */;
			targetProxy = E48C4C751D1123C8008928EE /* PBXContainerItemProxy */;
		};
		E48C4C811D1123C8008928EE /* PBXTargetDependency */ = {
			isa = PBXTargetDependency;
			target = E48C4C571D1123C8008928EE /* myProject */;
			targetProxy = E48C4C801D1123C8008928EE /* PBXContainerItemProxy */;
		};
/* End PBXTargetDependency section */

/* Begin PBXVariantGroup section */
		E48C4C671D1123C8008928EE /* Main.storyboard */ = {
			isa = PBXVariantGroup;
			children = (
				E48C4C681D1123C8008928EE /* Base */,
			);
			name = Main.storyboard;
			sourceTree = "<group>";
		};
		E48C4C6C1D1123C8008928EE /* LaunchScreen.storyboard */ = {
			isa = PBXVariantGroup;
			children = (
				E48C4C6D1D1123C8008928EE /* Base */,
			);
			name = LaunchScreen.storyboard;
			sourceTree = "<group>";
		};
/* End PBXVariantGroup section */

/* Begin XCBuildConfiguration section */
		E48C4C861D1123C9008928EE /* Debug */ = {
			isa = XCBuildConfiguration;
			buildSettings = {
				ALWAYS_SEARCH_USER_PATHS = NO;
				CLANG_ANALYZER_NONNULL = YES;
				CLANG_CXX_LANGUAGE_STANDARD = "gnu++0x";
				CLANG_CXX_LIBRARY = "libc++";
				CLANG_ENABLE_MODULES = YES;
				CLANG_ENABLE_OBJC_ARC = YES;
				CLANG_WARN_BOOL_CONVERSION = YES;
				CLANG_WARN_CONSTANT_CONVERSION = YES;
				CLANG_WARN_DIRECT_OBJC_ISA_USAGE = YES_ERROR;
				CLANG_WARN_EMPTY_BODY = YES;
				CLANG_WARN_ENUM_CONVERSION = YES;
				CLANG_WARN_INT_CONVERSION = YES;
				CLANG_WARN_OBJC_ROOT_CLASS = YES_ERROR;
				CLANG_WARN_UNREACHABLE_CODE = YES;
				CLANG_WARN__DUPLICATE_METHOD_MATCH = YES;
				"CODE_SIGN_IDENTITY[sdk=iphoneos*]" = "iPhone Developer";
				COPY_PHASE_STRIP = NO;
				DEBUG_INFORMATION_FORMAT = dwarf;
				ENABLE_STRICT_OBJC_MSGSEND = YES;
				ENABLE_TESTABILITY = YES;
				GCC_C_LANGUAGE_STANDARD = gnu99;
				GCC_DYNAMIC_NO_PIC = NO;
				GCC_NO_COMMON_BLOCKS = YES;
				GCC_OPTIMIZATION_LEVEL = 0;
				GCC_PREPROCESSOR_DEFINITIONS = (
					"DEBUG=1",
					"$(inherited)",
				);
				GCC_WARN_64_TO_32_BIT_CONVERSION = YES;
				GCC_WARN_ABOUT_RETURN_TYPE = YES_ERROR;
				GCC_WARN_UNDECLARED_SELECTOR = YES;
				GCC_WARN_UNINITIALIZED_AUTOS = YES_AGGRESSIVE;
				GCC_WARN_UNUSED_FUNCTION = YES;
				GCC_WARN_UNUSED_VARIABLE = YES;
				IPHONEOS_DEPLOYMENT_TARGET = 9.3;
				MTL_ENABLE_DEBUG_INFO = YES;
				ONLY_ACTIVE_ARCH = YES;
				SDKROOT = iphoneos;
				TARGETED_DEVICE_FAMILY = "1,2";
			};
			name = Debug;
		};
		E48C4C871D1123C9008928EE /* Release */ = {
			isa = XCBuildConfiguration;
			buildSettings = {
				ALWAYS_SEARCH_USER_PATHS = NO;
				CLANG_ANALYZER_NONNULL = YES;
				CLANG_CXX_LANGUAGE_STANDARD = "gnu++0x";
				CLANG_CXX_LIBRARY = "libc++";
				CLANG_ENABLE_MODULES = YES;
				CLANG_ENABLE_OBJC_ARC = YES;
				CLANG_WARN_BOOL_CONVERSION = YES;
				CLANG_WARN_CONSTANT_CONVERSION = YES;
				CLANG_WARN_DIRECT_OBJC_ISA_USAGE = YES_ERROR;
				CLANG_WARN_EMPTY_BODY = YES;
				CLANG_WARN_ENUM_CONVERSION = YES;
				CLANG_WARN_INT_CONVERSION = YES;
				CLANG_WARN_OBJC_ROOT_CLASS = YES_ERROR;
				CLANG_WARN_UNREACHABLE_CODE = YES;
				CLANG_WARN__DUPLICATE_METHOD_MATCH = YES;
				"CODE_SIGN_IDENTITY[sdk=iphoneos*]" = "iPhone Developer";
				COPY_PHASE_STRIP = NO;
				DEBUG_INFORMATION_FORMAT = "dwarf-with-dsym";
				ENABLE_NS_ASSERTIONS = NO;
				ENABLE_STRICT_OBJC_MSGSEND = YES;
				GCC_C_LANGUAGE_STANDARD = gnu99;
				GCC_NO_COMMON_BLOCKS = YES;
				GCC_WARN_64_TO_32_BIT_CONVERSION = YES;
				GCC_WARN_ABOUT_RETURN_TYPE = YES_ERROR;
				GCC_WARN_UNDECLARED_SELECTOR = YES;
				GCC_WARN_UNINITIALIZED_AUTOS = YES_AGGRESSIVE;
				GCC_WARN_UNUSED_FUNCTION = YES;
				GCC_WARN_UNUSED_VARIABLE = YES;
				IPHONEOS_DEPLOYMENT_TARGET = 9.3;
				MTL_ENABLE_DEBUG_INFO = NO;
				SDKROOT = iphoneos;
				TARGETED_DEVICE_FAMILY = "1,2";
				VALIDATE_PRODUCT = YES;
			};
			name = Release;
		};
		E48C4C891D1123C9008928EE /* Debug */ = {
			isa = XCBuildConfiguration;
			buildSettings = {
				ASSETCATALOG_COMPILER_APPICON_NAME = AppIcon;
				INFOPLIST_FILE = myProject/Info.plist;
				LD_RUNPATH_SEARCH_PATHS = "$(inherited) @executable_path/Frameworks";
				PRODUCT_BUNDLE_IDENTIFIER = test.myProject;
				PRODUCT_NAME = "$(TARGET_NAME)";
			};
			name = Debug;
		};
		E48C4C8A1D1123C9008928EE /* Release */ = {
			isa = XCBuildConfiguration;
			buildSettings = {
				ASSETCATALOG_COMPILER_APPICON_NAME = AppIcon;
				INFOPLIST_FILE = myProject/Info.plist;
				LD_RUNPATH_SEARCH_PATHS = "$(inherited) @executable_path/Frameworks";
				PRODUCT_BUNDLE_IDENTIFIER = test.myProject;
				PRODUCT_NAME = "$(TARGET_NAME)";
			};
			name = Release;
		};
		E48C4C8C1D1123C9008928EE /* Debug */ = {
			isa = XCBuildConfiguration;
			buildSettings = {
				BUNDLE_LOADER = "$(TEST_HOST)";
				INFOPLIST_FILE = myProjectTests/Info.plist;
				LD_RUNPATH_SEARCH_PATHS = "$(inherited) @executable_path/Frameworks @loader_path/Frameworks";
				PRODUCT_BUNDLE_IDENTIFIER = test.myProjectTests;
				PRODUCT_NAME = "$(TARGET_NAME)";
				TEST_HOST = "$(BUILT_PRODUCTS_DIR)/myProject.app/myProject";
			};
			name = Debug;
		};
		E48C4C8D1D1123C9008928EE /* Release */ = {
			isa = XCBuildConfiguration;
			buildSettings = {
				BUNDLE_LOADER = "$(TEST_HOST)";
				INFOPLIST_FILE = myProjectTests/Info.plist;
				LD_RUNPATH_SEARCH_PATHS = "$(inherited) @executable_path/Frameworks @loader_path/Frameworks";
				PRODUCT_BUNDLE_IDENTIFIER = test.myProjectTests;
				PRODUCT_NAME = "$(TARGET_NAME)";
				TEST_HOST = "$(BUILT_PRODUCTS_DIR)/myProject.app/myProject";
			};
			name = Release;
		};
		E48C4C8F1D1123C9008928EE /* Debug */ = {
			isa = XCBuildConfiguration;
			buildSettings = {
				INFOPLIST_FILE = myProjectUITests/Info.plist;
				LD_RUNPATH_SEARCH_PATHS = "$(inherited) @executable_path/Frameworks @loader_path/Frameworks";
				PRODUCT_BUNDLE_IDENTIFIER = test.myProjectUITests;
				PRODUCT_NAME = "$(TARGET_NAME)";
				TEST_TARGET_NAME = myProject;
			};
			name = Debug;
		};
		E48C4C901D1123C9008928EE /* Release */ = {
			isa = XCBuildConfiguration;
			buildSettings = {
				INFOPLIST_FILE = myProjectUITests/Info.plist;
				LD_RUNPATH_SEARCH_PATHS = "$(inherited) @executable_path/Frameworks @loader_path/Frameworks";
				PRODUCT_BUNDLE_IDENTIFIER = test.myProjectUITests;
				PRODUCT_NAME = "$(TARGET_NAME)";
				TEST_TARGET_NAME = myProject;
			};
			name = Release;
		};
/* End XCBuildConfiguration section */

/* Begin XCConfigurationList section */
		E48C4C531D1123C8008928EE /* Build configuration list for PBXProject "myProject" */ = {
			isa = XCConfigurationList;
			buildConfigurations = (
				E48C4C861D1123C9008928EE /* Debug */,
				E48C4C871D1123C9008928EE /* Release */,
			);
			defaultConfigurationIsVisible = 0;
			defaultConfigurationName = Release;
		};
		E48C4C881D1123C9008928EE /* Build configuration list for PBXNativeTarget "myProject" */ = {
			isa = XCConfigurationList;
			buildConfigurations = (
				E48C4C891D1123C9008928EE /* Debug */,
				E48C4C8A1D1123C9008928EE /* Release */,
			);
			defaultConfigurationIsVisible = 0;
		};
		E48C4C8B1D1123C9008928EE /* Build configuration list for PBXNativeTarget "myProjectTests" */ = {
			isa = XCConfigurationList;
			buildConfigurations = (
				E48C4C8C1D1123C9008928EE /* Debug */,
				E48C4C8D1D1123C9008928EE /* Release */,
			);
			defaultConfigurationIsVisible = 0;
		};
		E48C4C8E1D1123C9008928EE /* Build configuration list for PBXNativeTarget "myProjectUITests" */ = {
			isa = XCConfigurationList;
			buildConfigurations = (
				E48C4C8F1D1123C9008928EE /* Debug */,
				E48C4C901D1123C9008928EE /* Release */,
			);
			defaultConfigurationIsVisible = 0;
		};
/* End XCConfigurationList section */
	};
	rootObject = E48C4C501D1123C8008928EE /* Project object */;
}
